
Microsoft Visual Studio Solution File, Format Version 12.00
# Visual Studio Version 16
VisualStudioVersion = 16.0.29215.179
MinimumVisualStudioVersion = 10.0.40219.1
Project("{9A19103F-16F7-4668-BE54-9A1E7A4F7556}") = "B1", "HW03\B1.csproj", "{F40B8F34-0EE4-4824-B9C5-9A6EDB62F372}"
EndProject
Project("{9A19103F-16F7-4668-BE54-9A1E7A4F7556}") = "B2", "B2\B2.csproj", "{C06AAFF4-BF3A-4B70-A25B-7A651B1EEDC8}"
EndProject
Project("{9A19103F-16F7-4668-BE54-9A1E7A4F7556}") = "B4", "B4\B4.csproj", "{471DDB05-6863-4B0E-940B-378AACFDE2EA}"
EndProject
Project("{9A19103F-16F7-4668-BE54-9A1E7A4F7556}") = "B6", "B6\B6.csproj", "{B7665347-3D04-4984-A8C6-571E55B1B641}"
EndProject
Project("{9A19103F-16F7-4668-BE54-9A1E7A4F7556}") = "C10", "C10\C10.csproj", "{3245BEFA-ADB9-4F0D-B790-AAE40153E5CA}"
EndProject
Project("{9A19103F-16F7-4668-BE54-9A1E7A4F7556}") = "B3", "B3\B3.csproj", "{F31918DC-E16C-46E5-8221-1FDC7CF13E39}"
EndProject
Project("{9A19103F-16F7-4668-BE54-9A1E7A4F7556}") = "B5", "B5\B5.csproj", "{0B111D5D-5C7D-469C-B9EF-0CF38EE3DA67}"
EndProject
Project("{9A19103F-16F7-4668-BE54-9A1E7A4F7556}") = "B7", "B7\B7.csproj", "{8F6C637B-C9FB-48F8-8A42-D9FD7FA1C52F}"
EndProject
Project("{9A19103F-16F7-4668-BE54-9A1E7A4F7556}") = "B8", "B8\B8.csproj", "{555E2589-C6CF-4379-BD4C-691059712B1B}"
EndProject
Project("{9A19103F-16F7-4668-BE54-9A1E7A4F7556}") = "B8-Boolean method", "B8-Boolean method\B8-Boolean method.csproj", "{B3784CB0-7CF9-4BF9-82CC-4C620EED9ACC}"
EndProject
Project("{9A19103F-16F7-4668-BE54-9A1E7A4F7556}") = "B9", "B9\B9.csproj", "{F4A5901B-0439-4A17-BE73-A8E4A860C065}"
EndProject
Project("{9A19103F-16F7-4668-BE54-9A1E7A4F7556}") = "C11", "C11\C11.csproj", "{419BBFB4-F91C-4509-9372-C2CC8B70C7F6}"
EndProject
Project("{9A19103F-16F7-4668-BE54-9A1E7A4F7556}") = "C12", "try\C12.csproj", "{72F5398F-4CB9-4D99-BFAE-20997C486344}"
EndProject
Project("{9A19103F-16F7-4668-BE54-9A1E7A4F7556}") = "C13a", "try1\C13a.csproj", "{C20D153A-09D7-4E35-8EFF-6DFCA797E2B7}"
EndProject
Project("{9A19103F-16F7-4668-BE54-9A1E7A4F7556}") = "C13b", "C13b\C13b.csproj", "{4CCD92D5-41D7-4250-B69F-F9C9984120DD}"
EndProject
Project("{FAE04EC0-301F-11D3-BF4B-00C04F79EFBC}") = "C14a", "C14a\C14a.csproj", "{C9983537-FFC5-4DD7-9B52-042661BAD3BA}"
EndProject
Project("{FAE04EC0-301F-11D3-BF4B-00C04F79EFBC}") = "C14c", "C14c\C14c.csproj", "{268E4D50-8625-4662-8BF4-0CB612F441E5}"
EndProject
Project("{FAE04EC0-301F-11D3-BF4B-00C04F79EFBC}") = "C15", "test c\C15.csproj", "{A431559A-8CD1-4F2E-A382-4A22AC84A152}"
EndProject
Project("{FAE04EC0-301F-11D3-BF4B-00C04F79EFBC}") = "C16", "C16\C16.csproj", "{D776575E-804A-483A-9B57-5AB386C872AA}"
EndProject
Global
	GlobalSection(SolutionConfigurationPlatforms) = preSolution
		Debug|Any CPU = Debug|Any CPU
		Release|Any CPU = Release|Any CPU
	EndGlobalSection
	GlobalSection(ProjectConfigurationPlatforms) = postSolution
		{F40B8F34-0EE4-4824-B9C5-9A6EDB62F372}.Debug|Any CPU.ActiveCfg = Debug|Any CPU
		{F40B8F34-0EE4-4824-B9C5-9A6EDB62F372}.Debug|Any CPU.Build.0 = Debug|Any CPU
		{F40B8F34-0EE4-4824-B9C5-9A6EDB62F372}.Release|Any CPU.ActiveCfg = Release|Any CPU
		{F40B8F34-0EE4-4824-B9C5-9A6EDB62F372}.Release|Any CPU.Build.0 = Release|Any CPU
		{C06AAFF4-BF3A-4B70-A25B-7A651B1EEDC8}.Debug|Any CPU.ActiveCfg = Debug|Any CPU
		{C06AAFF4-BF3A-4B70-A25B-7A651B1EEDC8}.Debug|Any CPU.Build.0 = Debug|Any CPU
		{C06AAFF4-BF3A-4B70-A25B-7A651B1EEDC8}.Release|Any CPU.ActiveCfg = Release|Any CPU
		{C06AAFF4-BF3A-4B70-A25B-7A651B1EEDC8}.Release|Any CPU.Build.0 = Release|Any CPU
		{471DDB05-6863-4B0E-940B-378AACFDE2EA}.Debug|Any CPU.ActiveCfg = Debug|Any CPU
		{471DDB05-6863-4B0E-940B-378AACFDE2EA}.Debug|Any CPU.Build.0 = Debug|Any CPU
		{471DDB05-6863-4B0E-940B-378AACFDE2EA}.Release|Any CPU.ActiveCfg = Release|Any CPU
		{471DDB05-6863-4B0E-940B-378AACFDE2EA}.Release|Any CPU.Build.0 = Release|Any CPU
		{B7665347-3D04-4984-A8C6-571E55B1B641}.Debug|Any CPU.ActiveCfg = Debug|Any CPU
		{B7665347-3D04-4984-A8C6-571E55B1B641}.Debug|Any CPU.Build.0 = Debug|Any CPU
		{B7665347-3D04-4984-A8C6-571E55B1B641}.Release|Any CPU.ActiveCfg = Release|Any CPU
		{B7665347-3D04-4984-A8C6-571E55B1B641}.Release|Any CPU.Build.0 = Release|Any CPU
		{3245BEFA-ADB9-4F0D-B790-AAE40153E5CA}.Debug|Any CPU.ActiveCfg = Debug|Any CPU
		{3245BEFA-ADB9-4F0D-B790-AAE40153E5CA}.Debug|Any CPU.Build.0 = Debug|Any CPU
		{3245BEFA-ADB9-4F0D-B790-AAE40153E5CA}.Release|Any CPU.ActiveCfg = Release|Any CPU
		{3245BEFA-ADB9-4F0D-B790-AAE40153E5CA}.Release|Any CPU.Build.0 = Release|Any CPU
		{F31918DC-E16C-46E5-8221-1FDC7CF13E39}.Debug|Any CPU.ActiveCfg = Debug|Any CPU
		{F31918DC-E16C-46E5-8221-1FDC7CF13E39}.Debug|Any CPU.Build.0 = Debug|Any CPU
		{F31918DC-E16C-46E5-8221-1FDC7CF13E39}.Release|Any CPU.ActiveCfg = Release|Any CPU
		{F31918DC-E16C-46E5-8221-1FDC7CF13E39}.Release|Any CPU.Build.0 = Release|Any CPU
		{0B111D5D-5C7D-469C-B9EF-0CF38EE3DA67}.Debug|Any CPU.ActiveCfg = Debug|Any CPU
		{0B111D5D-5C7D-469C-B9EF-0CF38EE3DA67}.Debug|Any CPU.Build.0 = Debug|Any CPU
		{0B111D5D-5C7D-469C-B9EF-0CF38EE3DA67}.Release|Any CPU.ActiveCfg = Release|Any CPU
		{0B111D5D-5C7D-469C-B9EF-0CF38EE3DA67}.Release|Any CPU.Build.0 = Release|Any CPU
		{8F6C637B-C9FB-48F8-8A42-D9FD7FA1C52F}.Debug|Any CPU.ActiveCfg = Debug|Any CPU
		{8F6C637B-C9FB-48F8-8A42-D9FD7FA1C52F}.Debug|Any CPU.Build.0 = Debug|Any CPU
		{8F6C637B-C9FB-48F8-8A42-D9FD7FA1C52F}.Release|Any CPU.ActiveCfg = Release|Any CPU
		{8F6C637B-C9FB-48F8-8A42-D9FD7FA1C52F}.Release|Any CPU.Build.0 = Release|Any CPU
		{555E2589-C6CF-4379-BD4C-691059712B1B}.Debug|Any CPU.ActiveCfg = Debug|Any CPU
		{555E2589-C6CF-4379-BD4C-691059712B1B}.Debug|Any CPU.Build.0 = Debug|Any CPU
		{555E2589-C6CF-4379-BD4C-691059712B1B}.Release|Any CPU.ActiveCfg = Release|Any CPU
		{555E2589-C6CF-4379-BD4C-691059712B1B}.Release|Any CPU.Build.0 = Release|Any CPU
		{B3784CB0-7CF9-4BF9-82CC-4C620EED9ACC}.Debug|Any CPU.ActiveCfg = Debug|Any CPU
		{B3784CB0-7CF9-4BF9-82CC-4C620EED9ACC}.Debug|Any CPU.Build.0 = Debug|Any CPU
		{B3784CB0-7CF9-4BF9-82CC-4C620EED9ACC}.Release|Any CPU.ActiveCfg = Release|Any CPU
		{B3784CB0-7CF9-4BF9-82CC-4C620EED9ACC}.Release|Any CPU.Build.0 = Release|Any CPU
		{F4A5901B-0439-4A17-BE73-A8E4A860C065}.Debug|Any CPU.ActiveCfg = Debug|Any CPU
		{F4A5901B-0439-4A17-BE73-A8E4A860C065}.Debug|Any CPU.Build.0 = Debug|Any CPU
		{F4A5901B-0439-4A17-BE73-A8E4A860C065}.Release|Any CPU.ActiveCfg = Release|Any CPU
		{F4A5901B-0439-4A17-BE73-A8E4A860C065}.Release|Any CPU.Build.0 = Release|Any CPU
		{419BBFB4-F91C-4509-9372-C2CC8B70C7F6}.Debug|Any CPU.ActiveCfg = Debug|Any CPU
		{419BBFB4-F91C-4509-9372-C2CC8B70C7F6}.Debug|Any CPU.Build.0 = Debug|Any CPU
		{419BBFB4-F91C-4509-9372-C2CC8B70C7F6}.Release|Any CPU.ActiveCfg = Release|Any CPU
		{419BBFB4-F91C-4509-9372-C2CC8B70C7F6}.Release|Any CPU.Build.0 = Release|Any CPU
		{72F5398F-4CB9-4D99-BFAE-20997C486344}.Debug|Any CPU.ActiveCfg = Debug|Any CPU
		{72F5398F-4CB9-4D99-BFAE-20997C486344}.Debug|Any CPU.Build.0 = Debug|Any CPU
		{72F5398F-4CB9-4D99-BFAE-20997C486344}.Release|Any CPU.ActiveCfg = Release|Any CPU
		{72F5398F-4CB9-4D99-BFAE-20997C486344}.Release|Any CPU.Build.0 = Release|Any CPU
		{C20D153A-09D7-4E35-8EFF-6DFCA797E2B7}.Debug|Any CPU.ActiveCfg = Debug|Any CPU
		{C20D153A-09D7-4E35-8EFF-6DFCA797E2B7}.Debug|Any CPU.Build.0 = Debug|Any CPU
		{C20D153A-09D7-4E35-8EFF-6DFCA797E2B7}.Release|Any CPU.ActiveCfg = Release|Any CPU
		{C20D153A-09D7-4E35-8EFF-6DFCA797E2B7}.Release|Any CPU.Build.0 = Release|Any CPU
		{4CCD92D5-41D7-4250-B69F-F9C9984120DD}.Debug|Any CPU.ActiveCfg = Debug|Any CPU
		{4CCD92D5-41D7-4250-B69F-F9C9984120DD}.Debug|Any CPU.Build.0 = Debug|Any CPU
		{4CCD92D5-41D7-4250-B69F-F9C9984120DD}.Release|Any CPU.ActiveCfg = Release|Any CPU
		{4CCD92D5-41D7-4250-B69F-F9C9984120DD}.Release|Any CPU.Build.0 = Release|Any CPU
		{C9983537-FFC5-4DD7-9B52-042661BAD3BA}.Debug|Any CPU.ActiveCfg = Debug|Any CPU
		{C9983537-FFC5-4DD7-9B52-042661BAD3BA}.Debug|Any CPU.Build.0 = Debug|Any CPU
		{C9983537-FFC5-4DD7-9B52-042661BAD3BA}.Release|Any CPU.ActiveCfg = Release|Any CPU
		{C9983537-FFC5-4DD7-9B52-042661BAD3BA}.Release|Any CPU.Build.0 = Release|Any CPU
		{268E4D50-8625-4662-8BF4-0CB612F441E5}.Debug|Any CPU.ActiveCfg = Debug|Any CPU
		{268E4D50-8625-4662-8BF4-0CB612F441E5}.Debug|Any CPU.Build.0 = Debug|Any CPU
		{268E4D50-8625-4662-8BF4-0CB612F441E5}.Release|Any CPU.ActiveCfg = Release|Any CPU
		{268E4D50-8625-4662-8BF4-0CB612F441E5}.Release|Any CPU.Build.0 = Release|Any CPU
		{A431559A-8CD1-4F2E-A382-4A22AC84A152}.Debug|Any CPU.ActiveCfg = Debug|Any CPU
		{A431559A-8CD1-4F2E-A382-4A22AC84A152}.Debug|Any CPU.Build.0 = Debug|Any CPU
		{A431559A-8CD1-4F2E-A382-4A22AC84A152}.Release|Any CPU.ActiveCfg = Release|Any CPU
		{A431559A-8CD1-4F2E-A382-4A22AC84A152}.Release|Any CPU.Build.0 = Release|Any CPU
		{D776575E-804A-483A-9B57-5AB386C872AA}.Debug|Any CPU.ActiveCfg = Debug|Any CPU
		{D776575E-804A-483A-9B57-5AB386C872AA}.Debug|Any CPU.Build.0 = Debug|Any CPU
		{D776575E-804A-483A-9B57-5AB386C872AA}.Release|Any CPU.ActiveCfg = Release|Any CPU
		{D776575E-804A-483A-9B57-5AB386C872AA}.Release|Any CPU.Build.0 = Release|Any CPU
	EndGlobalSection
	GlobalSection(SolutionProperties) = preSolution
		HideSolutionNode = FALSE
	EndGlobalSection
	GlobalSection(ExtensibilityGlobals) = postSolution
		SolutionGuid = {B5BD04A2-F114-41F3-8F34-CC0D5E910BAF}
	EndGlobalSection
EndGlobal
