
Microsoft Visual Studio Solution File, Format Version 12.00
# Visual Studio Version 16
VisualStudioVersion = 16.0.29215.179
MinimumVisualStudioVersion = 10.0.40219.1
Project("{9A19103F-16F7-4668-BE54-9A1E7A4F7556}") = "B1", "HW03\B1.csproj", "{F40B8F34-0EE4-4824-B9C5-9A6EDB62F372}"
EndProject
Project("{9A19103F-16F7-4668-BE54-9A1E7A4F7556}") = "B2", "B2\B2.csproj", "{C06AAFF4-BF3A-4B70-A25B-7A651B1EEDC8}"
EndProject
Project("{FAE04EC0-301F-11D3-BF4B-00C04F79EFBC}") = "B4", "B4\B4.csproj", "{471DDB05-6863-4B0E-940B-378AACFDE2EA}"
EndProject
Project("{FAE04EC0-301F-11D3-BF4B-00C04F79EFBC}") = "B6", "B6\B6.csproj", "{B7665347-3D04-4984-A8C6-571E55B1B641}"
EndProject
Project("{FAE04EC0-301F-11D3-BF4B-00C04F79EFBC}") = "C10", "C10\C10.csproj", "{3245BEFA-ADB9-4F0D-B790-AAE40153E5CA}"
EndProject
Global
	GlobalSection(SolutionConfigurationPlatforms) = preSolution
		Debug|Any CPU = Debug|Any CPU
		Release|Any CPU = Release|Any CPU
	EndGlobalSection
	GlobalSection(ProjectConfigurationPlatforms) = postSolution
		{F40B8F34-0EE4-4824-B9C5-9A6EDB62F372}.Debug|Any CPU.ActiveCfg = Debug|Any CPU
		{F40B8F34-0EE4-4824-B9C5-9A6EDB62F372}.Debug|Any CPU.Build.0 = Debug|Any CPU
		{F40B8F34-0EE4-4824-B9C5-9A6EDB62F372}.Release|Any CPU.ActiveCfg = Release|Any CPU
		{F40B8F34-0EE4-4824-B9C5-9A6EDB62F372}.Release|Any CPU.Build.0 = Release|Any CPU
		{C06AAFF4-BF3A-4B70-A25B-7A651B1EEDC8}.Debug|Any CPU.ActiveCfg = Debug|Any CPU
		{C06AAFF4-BF3A-4B70-A25B-7A651B1EEDC8}.Debug|Any CPU.Build.0 = Debug|Any CPU
		{C06AAFF4-BF3A-4B70-A25B-7A651B1EEDC8}.Release|Any CPU.ActiveCfg = Release|Any CPU
		{C06AAFF4-BF3A-4B70-A25B-7A651B1EEDC8}.Release|Any CPU.Build.0 = Release|Any CPU
		{471DDB05-6863-4B0E-940B-378AACFDE2EA}.Debug|Any CPU.ActiveCfg = Debug|Any CPU
		{471DDB05-6863-4B0E-940B-378AACFDE2EA}.Debug|Any CPU.Build.0 = Debug|Any CPU
		{471DDB05-6863-4B0E-940B-378AACFDE2EA}.Release|Any CPU.ActiveCfg = Release|Any CPU
		{471DDB05-6863-4B0E-940B-378AACFDE2EA}.Release|Any CPU.Build.0 = Release|Any CPU
		{B7665347-3D04-4984-A8C6-571E55B1B641}.Debug|Any CPU.ActiveCfg = Debug|Any CPU
		{B7665347-3D04-4984-A8C6-571E55B1B641}.Debug|Any CPU.Build.0 = Debug|Any CPU
		{B7665347-3D04-4984-A8C6-571E55B1B641}.Release|Any CPU.ActiveCfg = Release|Any CPU
		{B7665347-3D04-4984-A8C6-571E55B1B641}.Release|Any CPU.Build.0 = Release|Any CPU
		{3245BEFA-ADB9-4F0D-B790-AAE40153E5CA}.Debug|Any CPU.ActiveCfg = Debug|Any CPU
		{3245BEFA-ADB9-4F0D-B790-AAE40153E5CA}.Debug|Any CPU.Build.0 = Debug|Any CPU
		{3245BEFA-ADB9-4F0D-B790-AAE40153E5CA}.Release|Any CPU.ActiveCfg = Release|Any CPU
		{3245BEFA-ADB9-4F0D-B790-AAE40153E5CA}.Release|Any CPU.Build.0 = Release|Any CPU
	EndGlobalSection
	GlobalSection(SolutionProperties) = preSolution
		HideSolutionNode = FALSE
	EndGlobalSection
	GlobalSection(ExtensibilityGlobals) = postSolution
		SolutionGuid = {B5BD04A2-F114-41F3-8F34-CC0D5E910BAF}
	EndGlobalSection
EndGlobal
